
Microsoft Visual Studio Solution File, Format Version 12.00
# Visual Studio 14
VisualStudioVersion = 14.0.25420.1
MinimumVisualStudioVersion = 10.0.40219.1
Project("{2150E333-8FDC-42A3-9474-1A3956D46DE8}") = "Engine", "Engine", "{9324211E-A1DE-47B3-9809-14C01832449F}"
EndProject
Project("{2150E333-8FDC-42A3-9474-1A3956D46DE8}") = "Games", "Games", "{3643B44B-457A-4153-8997-EDACE0E1F8F2}"
EndProject
Project("{8BC9CEB8-8B4A-11D0-8D11-00A0C91BC942}") = "UE4", "Intermediate\ProjectFiles\UE4.vcxproj", "{5537E5BB-CFFD-488A-B6D3-F43CB371F139}"
EndProject
Project("{8BC9CEB8-8B4A-11D0-8D11-00A0C91BC942}") = "JCH", "Intermediate\ProjectFiles\JCH.vcxproj", "{DD5B2F5B-DB52-4D73-AB27-D3D9A0718DD2}"
EndProject
Global
	GlobalSection(SolutionConfigurationPlatforms) = preSolution
		DebugGame Editor|HTML5 = DebugGame Editor|HTML5
		DebugGame Editor|Win32 = DebugGame Editor|Win32
		DebugGame Editor|Win64 = DebugGame Editor|Win64
		DebugGame|HTML5 = DebugGame|HTML5
		DebugGame|Win32 = DebugGame|Win32
		DebugGame|Win64 = DebugGame|Win64
		Development Editor|HTML5 = Development Editor|HTML5
		Development Editor|Win32 = Development Editor|Win32
		Development Editor|Win64 = Development Editor|Win64
		Development|HTML5 = Development|HTML5
		Development|Win32 = Development|Win32
		Development|Win64 = Development|Win64
		Shipping|HTML5 = Shipping|HTML5
		Shipping|Win32 = Shipping|Win32
		Shipping|Win64 = Shipping|Win64
	EndGlobalSection
	GlobalSection(ProjectConfigurationPlatforms) = postSolution
		{5537E5BB-CFFD-488A-B6D3-F43CB371F139}.DebugGame Editor|HTML5.ActiveCfg = BuiltWithUnrealBuildTool|Win32
		{5537E5BB-CFFD-488A-B6D3-F43CB371F139}.DebugGame Editor|HTML5.Build.0 = BuiltWithUnrealBuildTool|Win32
		{5537E5BB-CFFD-488A-B6D3-F43CB371F139}.DebugGame Editor|Win32.ActiveCfg = BuiltWithUnrealBuildTool|Win32
		{5537E5BB-CFFD-488A-B6D3-F43CB371F139}.DebugGame Editor|Win32.Build.0 = BuiltWithUnrealBuildTool|Win32
		{5537E5BB-CFFD-488A-B6D3-F43CB371F139}.DebugGame Editor|Win64.ActiveCfg = BuiltWithUnrealBuildTool|Win32
		{5537E5BB-CFFD-488A-B6D3-F43CB371F139}.DebugGame Editor|Win64.Build.0 = BuiltWithUnrealBuildTool|Win32
		{5537E5BB-CFFD-488A-B6D3-F43CB371F139}.DebugGame|HTML5.ActiveCfg = BuiltWithUnrealBuildTool|Win32
		{5537E5BB-CFFD-488A-B6D3-F43CB371F139}.DebugGame|HTML5.Build.0 = BuiltWithUnrealBuildTool|Win32
		{5537E5BB-CFFD-488A-B6D3-F43CB371F139}.DebugGame|Win32.ActiveCfg = BuiltWithUnrealBuildTool|Win32
		{5537E5BB-CFFD-488A-B6D3-F43CB371F139}.DebugGame|Win32.Build.0 = BuiltWithUnrealBuildTool|Win32
		{5537E5BB-CFFD-488A-B6D3-F43CB371F139}.DebugGame|Win64.ActiveCfg = BuiltWithUnrealBuildTool|Win32
		{5537E5BB-CFFD-488A-B6D3-F43CB371F139}.DebugGame|Win64.Build.0 = BuiltWithUnrealBuildTool|Win32
		{5537E5BB-CFFD-488A-B6D3-F43CB371F139}.Development Editor|HTML5.ActiveCfg = BuiltWithUnrealBuildTool|Win32
		{5537E5BB-CFFD-488A-B6D3-F43CB371F139}.Development Editor|HTML5.Build.0 = BuiltWithUnrealBuildTool|Win32
		{5537E5BB-CFFD-488A-B6D3-F43CB371F139}.Development Editor|Win32.ActiveCfg = BuiltWithUnrealBuildTool|Win32
		{5537E5BB-CFFD-488A-B6D3-F43CB371F139}.Development Editor|Win32.Build.0 = BuiltWithUnrealBuildTool|Win32
		{5537E5BB-CFFD-488A-B6D3-F43CB371F139}.Development Editor|Win64.ActiveCfg = BuiltWithUnrealBuildTool|Win32
		{5537E5BB-CFFD-488A-B6D3-F43CB371F139}.Development Editor|Win64.Build.0 = BuiltWithUnrealBuildTool|Win32
		{5537E5BB-CFFD-488A-B6D3-F43CB371F139}.Development|HTML5.ActiveCfg = BuiltWithUnrealBuildTool|Win32
		{5537E5BB-CFFD-488A-B6D3-F43CB371F139}.Development|HTML5.Build.0 = BuiltWithUnrealBuildTool|Win32
		{5537E5BB-CFFD-488A-B6D3-F43CB371F139}.Development|Win32.ActiveCfg = BuiltWithUnrealBuildTool|Win32
		{5537E5BB-CFFD-488A-B6D3-F43CB371F139}.Development|Win32.Build.0 = BuiltWithUnrealBuildTool|Win32
		{5537E5BB-CFFD-488A-B6D3-F43CB371F139}.Development|Win64.ActiveCfg = BuiltWithUnrealBuildTool|Win32
		{5537E5BB-CFFD-488A-B6D3-F43CB371F139}.Development|Win64.Build.0 = BuiltWithUnrealBuildTool|Win32
		{5537E5BB-CFFD-488A-B6D3-F43CB371F139}.Shipping|HTML5.ActiveCfg = BuiltWithUnrealBuildTool|Win32
		{5537E5BB-CFFD-488A-B6D3-F43CB371F139}.Shipping|HTML5.Build.0 = BuiltWithUnrealBuildTool|Win32
		{5537E5BB-CFFD-488A-B6D3-F43CB371F139}.Shipping|Win32.ActiveCfg = BuiltWithUnrealBuildTool|Win32
		{5537E5BB-CFFD-488A-B6D3-F43CB371F139}.Shipping|Win32.Build.0 = BuiltWithUnrealBuildTool|Win32
		{5537E5BB-CFFD-488A-B6D3-F43CB371F139}.Shipping|Win64.ActiveCfg = BuiltWithUnrealBuildTool|Win32
		{5537E5BB-CFFD-488A-B6D3-F43CB371F139}.Shipping|Win64.Build.0 = BuiltWithUnrealBuildTool|Win32
		{DD5B2F5B-DB52-4D73-AB27-D3D9A0718DD2}.DebugGame Editor|HTML5.ActiveCfg = HTML5_DebugGame_Editor|Win32
		{DD5B2F5B-DB52-4D73-AB27-D3D9A0718DD2}.DebugGame Editor|Win32.ActiveCfg = DebugGame_Editor|Win32
		{DD5B2F5B-DB52-4D73-AB27-D3D9A0718DD2}.DebugGame Editor|Win64.ActiveCfg = DebugGame_Editor|x64
		{DD5B2F5B-DB52-4D73-AB27-D3D9A0718DD2}.DebugGame Editor|Win64.Build.0 = DebugGame_Editor|x64
		{DD5B2F5B-DB52-4D73-AB27-D3D9A0718DD2}.DebugGame|HTML5.ActiveCfg = HTML5_DebugGame_Game|Win32
		{DD5B2F5B-DB52-4D73-AB27-D3D9A0718DD2}.DebugGame|HTML5.Build.0 = HTML5_DebugGame_Game|Win32
		{DD5B2F5B-DB52-4D73-AB27-D3D9A0718DD2}.DebugGame|Win32.ActiveCfg = DebugGame_Game|Win32
		{DD5B2F5B-DB52-4D73-AB27-D3D9A0718DD2}.DebugGame|Win32.Build.0 = DebugGame_Game|Win32
		{DD5B2F5B-DB52-4D73-AB27-D3D9A0718DD2}.DebugGame|Win64.ActiveCfg = DebugGame_Game|x64
		{DD5B2F5B-DB52-4D73-AB27-D3D9A0718DD2}.DebugGame|Win64.Build.0 = DebugGame_Game|x64
		{DD5B2F5B-DB52-4D73-AB27-D3D9A0718DD2}.Development Editor|HTML5.ActiveCfg = HTML5_Development_Editor|Win32
		{DD5B2F5B-DB52-4D73-AB27-D3D9A0718DD2}.Development Editor|Win32.ActiveCfg = Development_Editor|Win32
		{DD5B2F5B-DB52-4D73-AB27-D3D9A0718DD2}.Development Editor|Win64.ActiveCfg = Development_Editor|x64
		{DD5B2F5B-DB52-4D73-AB27-D3D9A0718DD2}.Development Editor|Win64.Build.0 = Development_Editor|x64
		{DD5B2F5B-DB52-4D73-AB27-D3D9A0718DD2}.Development|HTML5.ActiveCfg = HTML5_Development_Game|Win32
		{DD5B2F5B-DB52-4D73-AB27-D3D9A0718DD2}.Development|HTML5.Build.0 = HTML5_Development_Game|Win32
		{DD5B2F5B-DB52-4D73-AB27-D3D9A0718DD2}.Development|Win32.ActiveCfg = Development_Game|Win32
		{DD5B2F5B-DB52-4D73-AB27-D3D9A0718DD2}.Development|Win32.Build.0 = Development_Game|Win32
		{DD5B2F5B-DB52-4D73-AB27-D3D9A0718DD2}.Development|Win64.ActiveCfg = Development_Game|x64
		{DD5B2F5B-DB52-4D73-AB27-D3D9A0718DD2}.Development|Win64.Build.0 = Development_Game|x64
		{DD5B2F5B-DB52-4D73-AB27-D3D9A0718DD2}.Shipping|HTML5.ActiveCfg = HTML5_Shipping_Game|Win32
		{DD5B2F5B-DB52-4D73-AB27-D3D9A0718DD2}.Shipping|HTML5.Build.0 = HTML5_Shipping_Game|Win32
		{DD5B2F5B-DB52-4D73-AB27-D3D9A0718DD2}.Shipping|Win32.ActiveCfg = Shipping_Game|Win32
		{DD5B2F5B-DB52-4D73-AB27-D3D9A0718DD2}.Shipping|Win32.Build.0 = Shipping_Game|Win32
		{DD5B2F5B-DB52-4D73-AB27-D3D9A0718DD2}.Shipping|Win64.ActiveCfg = Shipping_Game|x64
		{DD5B2F5B-DB52-4D73-AB27-D3D9A0718DD2}.Shipping|Win64.Build.0 = Shipping_Game|x64
	EndGlobalSection
	GlobalSection(SolutionProperties) = preSolution
		HideSolutionNode = FALSE
	EndGlobalSection
	GlobalSection(NestedProjects) = preSolution
		{5537E5BB-CFFD-488A-B6D3-F43CB371F139} = {9324211E-A1DE-47B3-9809-14C01832449F}
		{DD5B2F5B-DB52-4D73-AB27-D3D9A0718DD2} = {3643B44B-457A-4153-8997-EDACE0E1F8F2}
	EndGlobalSection
EndGlobal
